
Microsoft Visual Studio Solution File, Format Version 12.00
# Visual Studio Version 17
VisualStudioVersion = 17.8.34330.188
MinimumVisualStudioVersion = 10.0.40219.1
Project("{9A19103F-16F7-4668-BE54-9A1E7A4F7556}") = "Core", "Core\Core.csproj", "{1C5FA0BC-AAA0-4335-A99F-D6BEFA79FF45}"
EndProject
Project("{9A19103F-16F7-4668-BE54-9A1E7A4F7556}") = "Repository", "Repository\Repository.csproj", "{13E46DAE-B3FD-4EB0-A50E-359D71E9BB54}"
EndProject
Project("{9A19103F-16F7-4668-BE54-9A1E7A4F7556}") = "Service", "Service\Service.csproj", "{3438642F-9616-48CB-8BB2-E3EEFA28C29A}"
EndProject
Project("{9A19103F-16F7-4668-BE54-9A1E7A4F7556}") = "API", "API\API.csproj", "{F52F2C30-8C4F-46B1-AA76-B329E2892D70}"
EndProject
Project("{9A19103F-16F7-4668-BE54-9A1E7A4F7556}") = "Caching", "Caching\Caching.csproj", "{89DC92B2-9A65-4606-A206-7A1C94BD2FA7}"
EndProject
Global
	GlobalSection(SolutionConfigurationPlatforms) = preSolution
		Debug|Any CPU = Debug|Any CPU
		Release|Any CPU = Release|Any CPU
	EndGlobalSection
	GlobalSection(ProjectConfigurationPlatforms) = postSolution
		{1C5FA0BC-AAA0-4335-A99F-D6BEFA79FF45}.Debug|Any CPU.ActiveCfg = Debug|Any CPU
		{1C5FA0BC-AAA0-4335-A99F-D6BEFA79FF45}.Debug|Any CPU.Build.0 = Debug|Any CPU
		{1C5FA0BC-AAA0-4335-A99F-D6BEFA79FF45}.Release|Any CPU.ActiveCfg = Release|Any CPU
		{1C5FA0BC-AAA0-4335-A99F-D6BEFA79FF45}.Release|Any CPU.Build.0 = Release|Any CPU
		{13E46DAE-B3FD-4EB0-A50E-359D71E9BB54}.Debug|Any CPU.ActiveCfg = Debug|Any CPU
		{13E46DAE-B3FD-4EB0-A50E-359D71E9BB54}.Debug|Any CPU.Build.0 = Debug|Any CPU
		{13E46DAE-B3FD-4EB0-A50E-359D71E9BB54}.Release|Any CPU.ActiveCfg = Release|Any CPU
		{13E46DAE-B3FD-4EB0-A50E-359D71E9BB54}.Release|Any CPU.Build.0 = Release|Any CPU
		{3438642F-9616-48CB-8BB2-E3EEFA28C29A}.Debug|Any CPU.ActiveCfg = Debug|Any CPU
		{3438642F-9616-48CB-8BB2-E3EEFA28C29A}.Debug|Any CPU.Build.0 = Debug|Any CPU
		{3438642F-9616-48CB-8BB2-E3EEFA28C29A}.Release|Any CPU.ActiveCfg = Release|Any CPU
		{3438642F-9616-48CB-8BB2-E3EEFA28C29A}.Release|Any CPU.Build.0 = Release|Any CPU
		{F52F2C30-8C4F-46B1-AA76-B329E2892D70}.Debug|Any CPU.ActiveCfg = Debug|Any CPU
		{F52F2C30-8C4F-46B1-AA76-B329E2892D70}.Debug|Any CPU.Build.0 = Debug|Any CPU
		{F52F2C30-8C4F-46B1-AA76-B329E2892D70}.Release|Any CPU.ActiveCfg = Release|Any CPU
		{F52F2C30-8C4F-46B1-AA76-B329E2892D70}.Release|Any CPU.Build.0 = Release|Any CPU
		{89DC92B2-9A65-4606-A206-7A1C94BD2FA7}.Debug|Any CPU.ActiveCfg = Debug|Any CPU
		{89DC92B2-9A65-4606-A206-7A1C94BD2FA7}.Debug|Any CPU.Build.0 = Debug|Any CPU
		{89DC92B2-9A65-4606-A206-7A1C94BD2FA7}.Release|Any CPU.ActiveCfg = Release|Any CPU
		{89DC92B2-9A65-4606-A206-7A1C94BD2FA7}.Release|Any CPU.Build.0 = Release|Any CPU
	EndGlobalSection
	GlobalSection(SolutionProperties) = preSolution
		HideSolutionNode = FALSE
	EndGlobalSection
	GlobalSection(ExtensibilityGlobals) = postSolution
		SolutionGuid = {B8640D50-3A6B-48F9-8728-B665D36F07EA}
	EndGlobalSection
EndGlobal
